
Microsoft Visual Studio Solution File, Format Version 12.00
# Visual Studio Version 17
VisualStudioVersion = 17.3.32804.467
MinimumVisualStudioVersion = 10.0.40219.1
Project("{FAE04EC0-301F-11D3-BF4B-00C04F79EFBC}") = "ifdemowithgit", "ifdemowithgit\ifdemowithgit.csproj", "{B9800683-0532-4AC0-8367-F3CEA522A201}"
EndProject
Global
	GlobalSection(SolutionConfigurationPlatforms) = preSolution
		Debug|Any CPU = Debug|Any CPU
		Release|Any CPU = Release|Any CPU
	EndGlobalSection
	GlobalSection(ProjectConfigurationPlatforms) = postSolution
		{B9800683-0532-4AC0-8367-F3CEA522A201}.Debug|Any CPU.ActiveCfg = Debug|Any CPU
		{B9800683-0532-4AC0-8367-F3CEA522A201}.Debug|Any CPU.Build.0 = Debug|Any CPU
		{B9800683-0532-4AC0-8367-F3CEA522A201}.Release|Any CPU.ActiveCfg = Release|Any CPU
		{B9800683-0532-4AC0-8367-F3CEA522A201}.Release|Any CPU.Build.0 = Release|Any CPU
	EndGlobalSection
	GlobalSection(SolutionProperties) = preSolution
		HideSolutionNode = FALSE
	EndGlobalSection
	GlobalSection(ExtensibilityGlobals) = postSolution
		SolutionGuid = {06112D62-5593-49B9-B6DD-A630842033C9}
	EndGlobalSection
EndGlobal
